
Microsoft Visual Studio Solution File, Format Version 12.00
# Visual Studio Version 17
VisualStudioVersion = 17.11.35312.102
MinimumVisualStudioVersion = 10.0.40219.1
Project("{FAE04EC0-301F-11D3-BF4B-00C04F79EFBC}") = "do_an_web", "do_an_web.csproj", "{729C3F6E-A9D4-41B8-98B6-1F7570E0F617}"
EndProject
Global
	GlobalSection(SolutionConfigurationPlatforms) = preSolution
		Debug|Any CPU = Debug|Any CPU
		Release|Any CPU = Release|Any CPU
	EndGlobalSection
	GlobalSection(ProjectConfigurationPlatforms) = postSolution
		{729C3F6E-A9D4-41B8-98B6-1F7570E0F617}.Debug|Any CPU.ActiveCfg = Debug|Any CPU
		{729C3F6E-A9D4-41B8-98B6-1F7570E0F617}.Debug|Any CPU.Build.0 = Debug|Any CPU
		{729C3F6E-A9D4-41B8-98B6-1F7570E0F617}.Release|Any CPU.ActiveCfg = Debug|Any CPU
		{729C3F6E-A9D4-41B8-98B6-1F7570E0F617}.Release|Any CPU.Build.0 = Debug|Any CPU
	EndGlobalSection
	GlobalSection(SolutionProperties) = preSolution
		HideSolutionNode = FALSE
	EndGlobalSection
	GlobalSection(ExtensibilityGlobals) = postSolution
		SolutionGuid = {BB47F0C9-DC45-4CD3-9E92-A7BC60202A04}
	EndGlobalSection
EndGlobal
